// !$*UTF8*$!
{
	archiveVersion = 1;
	classes = {
	};
	objectVersion = 50;
	objects = {

/* Begin PBXBuildFile section */
		A117F3AD228F1FA7009822A0 /* MinbakVC.swift in Sources */ = {isa = PBXBuildFile; fileRef = A117F3AC228F1FA7009822A0 /* MinbakVC.swift */; };
		A11896492297B80000F80FCE /* GoodVC.swift in Sources */ = {isa = PBXBuildFile; fileRef = A11896482297B7FF00F80FCE /* GoodVC.swift */; };
		A11896572297E53100F80FCE /* FestivalVC.swift in Sources */ = {isa = PBXBuildFile; fileRef = A11896562297E53100F80FCE /* FestivalVC.swift */; };
		A11896592297EB9300F80FCE /* FoodVC.swift in Sources */ = {isa = PBXBuildFile; fileRef = A11896582297EB9300F80FCE /* FoodVC.swift */; };
		A118965B2297F61B00F80FCE /* PharmacyVC.swift in Sources */ = {isa = PBXBuildFile; fileRef = A118965A2297F61B00F80FCE /* PharmacyVC.swift */; };
		A118965D229827C100F80FCE /* MinbakMapVC.swift in Sources */ = {isa = PBXBuildFile; fileRef = A118965C229827C100F80FCE /* MinbakMapVC.swift */; };
		A118966022982D5E00F80FCE /* Minbak.swift in Sources */ = {isa = PBXBuildFile; fileRef = A118965F22982D5E00F80FCE /* Minbak.swift */; };
		A118A1712299409700A38B40 /* GoodMapVC.swift in Sources */ = {isa = PBXBuildFile; fileRef = A118A16F2299409700A38B40 /* GoodMapVC.swift */; };
		A118A174229940C900A38B40 /* Good.swift in Sources */ = {isa = PBXBuildFile; fileRef = A118A173229940C900A38B40 /* Good.swift */; };
		A118A177229941F900A38B40 /* FirstPVC.swift in Sources */ = {isa = PBXBuildFile; fileRef = A118A176229941F900A38B40 /* FirstPVC.swift */; };
		A121D769228D214400A8081E /* AppDelegate.swift in Sources */ = {isa = PBXBuildFile; fileRef = A121D768228D214400A8081E /* AppDelegate.swift */; };
		A121D76B228D214400A8081E /* ViewController.swift in Sources */ = {isa = PBXBuildFile; fileRef = A121D76A228D214400A8081E /* ViewController.swift */; };
		A121D76E228D214400A8081E /* Main.storyboard in Resources */ = {isa = PBXBuildFile; fileRef = A121D76C228D214400A8081E /* Main.storyboard */; };
		A121D770228D214500A8081E /* Assets.xcassets in Resources */ = {isa = PBXBuildFile; fileRef = A121D76F228D214500A8081E /* Assets.xcassets */; };
		A121D773228D214500A8081E /* LaunchScreen.storyboard in Resources */ = {isa = PBXBuildFile; fileRef = A121D771228D214500A8081E /* LaunchScreen.storyboard */; };
		A121D77B228D21D800A8081E /* PageViewController.swift in Sources */ = {isa = PBXBuildFile; fileRef = A121D77A228D21D800A8081E /* PageViewController.swift */; };
/* End PBXBuildFile section */

/* Begin PBXFileReference section */
		A117F3AC228F1FA7009822A0 /* MinbakVC.swift */ = {isa = PBXFileReference; lastKnownFileType = sourcecode.swift; path = MinbakVC.swift; sourceTree = "<group>"; };
		A11896482297B7FF00F80FCE /* GoodVC.swift */ = {isa = PBXFileReference; lastKnownFileType = sourcecode.swift; path = GoodVC.swift; sourceTree = "<group>"; };
		A11896562297E53100F80FCE /* FestivalVC.swift */ = {isa = PBXFileReference; fileEncoding = 4; lastKnownFileType = sourcecode.swift; path = FestivalVC.swift; sourceTree = "<group>"; };
		A11896582297EB9300F80FCE /* FoodVC.swift */ = {isa = PBXFileReference; fileEncoding = 4; lastKnownFileType = sourcecode.swift; path = FoodVC.swift; sourceTree = "<group>"; };
		A118965A2297F61B00F80FCE /* PharmacyVC.swift */ = {isa = PBXFileReference; fileEncoding = 4; lastKnownFileType = sourcecode.swift; path = PharmacyVC.swift; sourceTree = "<group>"; };
		A118965C229827C100F80FCE /* MinbakMapVC.swift */ = {isa = PBXFileReference; lastKnownFileType = sourcecode.swift; path = MinbakMapVC.swift; sourceTree = "<group>"; };
		A118965F22982D5E00F80FCE /* Minbak.swift */ = {isa = PBXFileReference; lastKnownFileType = sourcecode.swift; path = Minbak.swift; sourceTree = "<group>"; };
		A118A16F2299409700A38B40 /* GoodMapVC.swift */ = {isa = PBXFileReference; fileEncoding = 4; lastKnownFileType = sourcecode.swift; path = GoodMapVC.swift; sourceTree = "<group>"; };
		A118A173229940C900A38B40 /* Good.swift */ = {isa = PBXFileReference; fileEncoding = 4; lastKnownFileType = sourcecode.swift; path = Good.swift; sourceTree = "<group>"; };
		A118A176229941F900A38B40 /* FirstPVC.swift */ = {isa = PBXFileReference; lastKnownFileType = sourcecode.swift; path = FirstPVC.swift; sourceTree = "<group>"; };
		A121D765228D214400A8081E /* Term Project Jeju.app */ = {isa = PBXFileReference; explicitFileType = wrapper.application; includeInIndex = 0; path = "Term Project Jeju.app"; sourceTree = BUILT_PRODUCTS_DIR; };
		A121D768228D214400A8081E /* AppDelegate.swift */ = {isa = PBXFileReference; lastKnownFileType = sourcecode.swift; path = AppDelegate.swift; sourceTree = "<group>"; };
		A121D76A228D214400A8081E /* ViewController.swift */ = {isa = PBXFileReference; lastKnownFileType = sourcecode.swift; path = ViewController.swift; sourceTree = "<group>"; };
		A121D76D228D214400A8081E /* Base */ = {isa = PBXFileReference; lastKnownFileType = file.storyboard; name = Base; path = Base.lproj/Main.storyboard; sourceTree = "<group>"; };
		A121D76F228D214500A8081E /* Assets.xcassets */ = {isa = PBXFileReference; lastKnownFileType = folder.assetcatalog; path = Assets.xcassets; sourceTree = "<group>"; };
		A121D772228D214500A8081E /* Base */ = {isa = PBXFileReference; lastKnownFileType = file.storyboard; name = Base; path = Base.lproj/LaunchScreen.storyboard; sourceTree = "<group>"; };
		A121D774228D214500A8081E /* Info.plist */ = {isa = PBXFileReference; lastKnownFileType = text.plist.xml; path = Info.plist; sourceTree = "<group>"; };
		A121D77A228D21D800A8081E /* PageViewController.swift */ = {isa = PBXFileReference; lastKnownFileType = sourcecode.swift; path = PageViewController.swift; sourceTree = "<group>"; };
/* End PBXFileReference section */

/* Begin PBXFrameworksBuildPhase section */
		A121D762228D214400A8081E /* Frameworks */ = {
			isa = PBXFrameworksBuildPhase;
			buildActionMask = 2147483647;
			files = (
			);
			runOnlyForDeploymentPostprocessing = 0;
		};
/* End PBXFrameworksBuildPhase section */

/* Begin PBXGroup section */
		A118965E229827CA00F80FCE /* MinBak */ = {
			isa = PBXGroup;
			children = (
				A117F3AC228F1FA7009822A0 /* MinbakVC.swift */,
				A118965C229827C100F80FCE /* MinbakMapVC.swift */,
				A118965F22982D5E00F80FCE /* Minbak.swift */,
			);
			path = MinBak;
			sourceTree = "<group>";
		};
		A118A16E2299402700A38B40 /* Good */ = {
			isa = PBXGroup;
			children = (
				A11896482297B7FF00F80FCE /* GoodVC.swift */,
				A118A16F2299409700A38B40 /* GoodMapVC.swift */,
				A118A173229940C900A38B40 /* Good.swift */,
			);
			path = Good;
			sourceTree = "<group>";
		};
		A118A175229941D800A38B40 /* First Page */ = {
			isa = PBXGroup;
			children = (
				A118A176229941F900A38B40 /* FirstPVC.swift */,
				A118965E229827CA00F80FCE /* MinBak */,
				A118A16E2299402700A38B40 /* Good */,
			);
			path = "First Page";
			sourceTree = "<group>";
		};
		A121D75C228D214400A8081E = {
			isa = PBXGroup;
			children = (
				A121D767228D214400A8081E /* Term Project Jeju */,
				A121D766228D214400A8081E /* Products */,
			);
			sourceTree = "<group>";
		};
		A121D766228D214400A8081E /* Products */ = {
			isa = PBXGroup;
			children = (
				A121D765228D214400A8081E /* Term Project Jeju.app */,
			);
			name = Products;
			sourceTree = "<group>";
		};
		A121D767228D214400A8081E /* Term Project Jeju */ = {
			isa = PBXGroup;
			children = (
				A118A175229941D800A38B40 /* First Page */,
				A121D768228D214400A8081E /* AppDelegate.swift */,
				A121D76A228D214400A8081E /* ViewController.swift */,
				A121D76C228D214400A8081E /* Main.storyboard */,
				A121D76F228D214500A8081E /* Assets.xcassets */,
				A121D771228D214500A8081E /* LaunchScreen.storyboard */,
				A121D774228D214500A8081E /* Info.plist */,
				A121D77A228D21D800A8081E /* PageViewController.swift */,
				A11896562297E53100F80FCE /* FestivalVC.swift */,
				A11896582297EB9300F80FCE /* FoodVC.swift */,
				A118965A2297F61B00F80FCE /* PharmacyVC.swift */,
			);
			path = "Term Project Jeju";
			sourceTree = "<group>";
		};
/* End PBXGroup section */

/* Begin PBXNativeTarget section */
		A121D764228D214400A8081E /* Term Project Jeju */ = {
			isa = PBXNativeTarget;
			buildConfigurationList = A121D777228D214500A8081E /* Build configuration list for PBXNativeTarget "Term Project Jeju" */;
			buildPhases = (
				A121D761228D214400A8081E /* Sources */,
				A121D762228D214400A8081E /* Frameworks */,
				A121D763228D214400A8081E /* Resources */,
			);
			buildRules = (
			);
			dependencies = (
			);
			name = "Term Project Jeju";
			productName = "Term Project Jeju";
			productReference = A121D765228D214400A8081E /* Term Project Jeju.app */;
			productType = "com.apple.product-type.application";
		};
/* End PBXNativeTarget section */

/* Begin PBXProject section */
		A121D75D228D214400A8081E /* Project object */ = {
			isa = PBXProject;
			attributes = {
				LastSwiftUpdateCheck = 1010;
				LastUpgradeCheck = 1010;
				ORGANIZATIONNAME = KPUGAME;
				TargetAttributes = {
					A121D764228D214400A8081E = {
						CreatedOnToolsVersion = 10.1;
					};
				};
			};
			buildConfigurationList = A121D760228D214400A8081E /* Build configuration list for PBXProject "Term Project Jeju" */;
			compatibilityVersion = "Xcode 9.3";
			developmentRegion = en;
			hasScannedForEncodings = 0;
			knownRegions = (
				en,
				Base,
			);
			mainGroup = A121D75C228D214400A8081E;
			productRefGroup = A121D766228D214400A8081E /* Products */;
			projectDirPath = "";
			projectRoot = "";
			targets = (
				A121D764228D214400A8081E /* Term Project Jeju */,
			);
		};
/* End PBXProject section */

/* Begin PBXResourcesBuildPhase section */
		A121D763228D214400A8081E /* Resources */ = {
			isa = PBXResourcesBuildPhase;
			buildActionMask = 2147483647;
			files = (
				A121D773228D214500A8081E /* LaunchScreen.storyboard in Resources */,
				A121D770228D214500A8081E /* Assets.xcassets in Resources */,
				A121D76E228D214400A8081E /* Main.storyboard in Resources */,
			);
			runOnlyForDeploymentPostprocessing = 0;
		};
/* End PBXResourcesBuildPhase section */

/* Begin PBXSourcesBuildPhase section */
		A121D761228D214400A8081E /* Sources */ = {
			isa = PBXSourcesBuildPhase;
			buildActionMask = 2147483647;
			files = (
				A121D77B228D21D800A8081E /* PageViewController.swift in Sources */,
				A118966022982D5E00F80FCE /* Minbak.swift in Sources */,
				A121D76B228D214400A8081E /* ViewController.swift in Sources */,
				A11896592297EB9300F80FCE /* FoodVC.swift in Sources */,
				A121D769228D214400A8081E /* AppDelegate.swift in Sources */,
				A11896492297B80000F80FCE /* GoodVC.swift in Sources */,
				A118A177229941F900A38B40 /* FirstPVC.swift in Sources */,
				A118A174229940C900A38B40 /* Good.swift in Sources */,
				A11896572297E53100F80FCE /* FestivalVC.swift in Sources */,
				A118965B2297F61B00F80FCE /* PharmacyVC.swift in Sources */,
				A117F3AD228F1FA7009822A0 /* MinbakVC.swift in Sources */,
				A118965D229827C100F80FCE /* MinbakMapVC.swift in Sources */,
				A118A1712299409700A38B40 /* GoodMapVC.swift in Sources */,
			);
			runOnlyForDeploymentPostprocessing = 0;
		};
/* End PBXSourcesBuildPhase section */

/* Begin PBXVariantGroup section */
		A121D76C228D214400A8081E /* Main.storyboard */ = {
			isa = PBXVariantGroup;
			children = (
				A121D76D228D214400A8081E /* Base */,
			);
			name = Main.storyboard;
			sourceTree = "<group>";
		};
		A121D771228D214500A8081E /* LaunchScreen.storyboard */ = {
			isa = PBXVariantGroup;
			children = (
				A121D772228D214500A8081E /* Base */,
			);
			name = LaunchScreen.storyboard;
			sourceTree = "<group>";
		};
/* End PBXVariantGroup section */

/* Begin XCBuildConfiguration section */
		A121D775228D214500A8081E /* Debug */ = {
			isa = XCBuildConfiguration;
			buildSettings = {
				ALWAYS_SEARCH_USER_PATHS = NO;
				CLANG_ANALYZER_NONNULL = YES;
				CLANG_ANALYZER_NUMBER_OBJECT_CONVERSION = YES_AGGRESSIVE;
				CLANG_CXX_LANGUAGE_STANDARD = "gnu++14";
				CLANG_CXX_LIBRARY = "libc++";
				CLANG_ENABLE_MODULES = YES;
				CLANG_ENABLE_OBJC_ARC = YES;
				CLANG_ENABLE_OBJC_WEAK = YES;
				CLANG_WARN_BLOCK_CAPTURE_AUTORELEASING = YES;
				CLANG_WARN_BOOL_CONVERSION = YES;
				CLANG_WARN_COMMA = YES;
				CLANG_WARN_CONSTANT_CONVERSION = YES;
				CLANG_WARN_DEPRECATED_OBJC_IMPLEMENTATIONS = YES;
				CLANG_WARN_DIRECT_OBJC_ISA_USAGE = YES_ERROR;
				CLANG_WARN_DOCUMENTATION_COMMENTS = YES;
				CLANG_WARN_EMPTY_BODY = YES;
				CLANG_WARN_ENUM_CONVERSION = YES;
				CLANG_WARN_INFINITE_RECURSION = YES;
				CLANG_WARN_INT_CONVERSION = YES;
				CLANG_WARN_NON_LITERAL_NULL_CONVERSION = YES;
				CLANG_WARN_OBJC_IMPLICIT_RETAIN_SELF = YES;
				CLANG_WARN_OBJC_LITERAL_CONVERSION = YES;
				CLANG_WARN_OBJC_ROOT_CLASS = YES_ERROR;
				CLANG_WARN_RANGE_LOOP_ANALYSIS = YES;
				CLANG_WARN_STRICT_PROTOTYPES = YES;
				CLANG_WARN_SUSPICIOUS_MOVE = YES;
				CLANG_WARN_UNGUARDED_AVAILABILITY = YES_AGGRESSIVE;
				CLANG_WARN_UNREACHABLE_CODE = YES;
				CLANG_WARN__DUPLICATE_METHOD_MATCH = YES;
				CODE_SIGN_IDENTITY = "iPhone Developer";
				COPY_PHASE_STRIP = NO;
				DEBUG_INFORMATION_FORMAT = dwarf;
				ENABLE_STRICT_OBJC_MSGSEND = YES;
				ENABLE_TESTABILITY = YES;
				GCC_C_LANGUAGE_STANDARD = gnu11;
				GCC_DYNAMIC_NO_PIC = NO;
				GCC_NO_COMMON_BLOCKS = YES;
				GCC_OPTIMIZATION_LEVEL = 0;
				GCC_PREPROCESSOR_DEFINITIONS = (
					"DEBUG=1",
					"$(inherited)",
				);
				GCC_WARN_64_TO_32_BIT_CONVERSION = YES;
				GCC_WARN_ABOUT_RETURN_TYPE = YES_ERROR;
				GCC_WARN_UNDECLARED_SELECTOR = YES;
				GCC_WARN_UNINITIALIZED_AUTOS = YES_AGGRESSIVE;
				GCC_WARN_UNUSED_FUNCTION = YES;
				GCC_WARN_UNUSED_VARIABLE = YES;
				IPHONEOS_DEPLOYMENT_TARGET = 12.1;
				MTL_ENABLE_DEBUG_INFO = INCLUDE_SOURCE;
				MTL_FAST_MATH = YES;
				ONLY_ACTIVE_ARCH = YES;
				SDKROOT = iphoneos;
				SWIFT_ACTIVE_COMPILATION_CONDITIONS = DEBUG;
				SWIFT_OPTIMIZATION_LEVEL = "-Onone";
			};
			name = Debug;
		};
		A121D776228D214500A8081E /* Release */ = {
			isa = XCBuildConfiguration;
			buildSettings = {
				ALWAYS_SEARCH_USER_PATHS = NO;
				CLANG_ANALYZER_NONNULL = YES;
				CLANG_ANALYZER_NUMBER_OBJECT_CONVERSION = YES_AGGRESSIVE;
				CLANG_CXX_LANGUAGE_STANDARD = "gnu++14";
				CLANG_CXX_LIBRARY = "libc++";
				CLANG_ENABLE_MODULES = YES;
				CLANG_ENABLE_OBJC_ARC = YES;
				CLANG_ENABLE_OBJC_WEAK = YES;
				CLANG_WARN_BLOCK_CAPTURE_AUTORELEASING = YES;
				CLANG_WARN_BOOL_CONVERSION = YES;
				CLANG_WARN_COMMA = YES;
				CLANG_WARN_CONSTANT_CONVERSION = YES;
				CLANG_WARN_DEPRECATED_OBJC_IMPLEMENTATIONS = YES;
				CLANG_WARN_DIRECT_OBJC_ISA_USAGE = YES_ERROR;
				CLANG_WARN_DOCUMENTATION_COMMENTS = YES;
				CLANG_WARN_EMPTY_BODY = YES;
				CLANG_WARN_ENUM_CONVERSION = YES;
				CLANG_WARN_INFINITE_RECURSION = YES;
				CLANG_WARN_INT_CONVERSION = YES;
				CLANG_WARN_NON_LITERAL_NULL_CONVERSION = YES;
				CLANG_WARN_OBJC_IMPLICIT_RETAIN_SELF = YES;
				CLANG_WARN_OBJC_LITERAL_CONVERSION = YES;
				CLANG_WARN_OBJC_ROOT_CLASS = YES_ERROR;
				CLANG_WARN_RANGE_LOOP_ANALYSIS = YES;
				CLANG_WARN_STRICT_PROTOTYPES = YES;
				CLANG_WARN_SUSPICIOUS_MOVE = YES;
				CLANG_WARN_UNGUARDED_AVAILABILITY = YES_AGGRESSIVE;
				CLANG_WARN_UNREACHABLE_CODE = YES;
				CLANG_WARN__DUPLICATE_METHOD_MATCH = YES;
				CODE_SIGN_IDENTITY = "iPhone Developer";
				COPY_PHASE_STRIP = NO;
				DEBUG_INFORMATION_FORMAT = "dwarf-with-dsym";
				ENABLE_NS_ASSERTIONS = NO;
				ENABLE_STRICT_OBJC_MSGSEND = YES;
				GCC_C_LANGUAGE_STANDARD = gnu11;
				GCC_NO_COMMON_BLOCKS = YES;
				GCC_WARN_64_TO_32_BIT_CONVERSION = YES;
				GCC_WARN_ABOUT_RETURN_TYPE = YES_ERROR;
				GCC_WARN_UNDECLARED_SELECTOR = YES;
				GCC_WARN_UNINITIALIZED_AUTOS = YES_AGGRESSIVE;
				GCC_WARN_UNUSED_FUNCTION = YES;
				GCC_WARN_UNUSED_VARIABLE = YES;
				IPHONEOS_DEPLOYMENT_TARGET = 12.1;
				MTL_ENABLE_DEBUG_INFO = NO;
				MTL_FAST_MATH = YES;
				SDKROOT = iphoneos;
				SWIFT_COMPILATION_MODE = wholemodule;
				SWIFT_OPTIMIZATION_LEVEL = "-O";
				VALIDATE_PRODUCT = YES;
			};
			name = Release;
		};
		A121D778228D214500A8081E /* Debug */ = {
			isa = XCBuildConfiguration;
			buildSettings = {
				ASSETCATALOG_COMPILER_APPICON_NAME = AppIcon;
				CODE_SIGN_STYLE = Automatic;
				DEVELOPMENT_TEAM = TCK3Y9L48P;
				INFOPLIST_FILE = "Term Project Jeju/Info.plist";
				LD_RUNPATH_SEARCH_PATHS = (
					"$(inherited)",
					"@executable_path/Frameworks",
				);
				PRODUCT_BUNDLE_IDENTIFIER = "kpu.2019class.Term-Project-Jeju";
				PRODUCT_NAME = "$(TARGET_NAME)";
				SWIFT_VERSION = 4.2;
				TARGETED_DEVICE_FAMILY = "1,2";
			};
			name = Debug;
		};
		A121D779228D214500A8081E /* Release */ = {
			isa = XCBuildConfiguration;
			buildSettings = {
				ASSETCATALOG_COMPILER_APPICON_NAME = AppIcon;
				CODE_SIGN_STYLE = Automatic;
				DEVELOPMENT_TEAM = TCK3Y9L48P;
				INFOPLIST_FILE = "Term Project Jeju/Info.plist";
				LD_RUNPATH_SEARCH_PATHS = (
					"$(inherited)",
					"@executable_path/Frameworks",
				);
				PRODUCT_BUNDLE_IDENTIFIER = "kpu.2019class.Term-Project-Jeju";
				PRODUCT_NAME = "$(TARGET_NAME)";
				SWIFT_VERSION = 4.2;
				TARGETED_DEVICE_FAMILY = "1,2";
			};
			name = Release;
		};
/* End XCBuildConfiguration section */

/* Begin XCConfigurationList section */
		A121D760228D214400A8081E /* Build configuration list for PBXProject "Term Project Jeju" */ = {
			isa = XCConfigurationList;
			buildConfigurations = (
				A121D775228D214500A8081E /* Debug */,
				A121D776228D214500A8081E /* Release */,
			);
			defaultConfigurationIsVisible = 0;
			defaultConfigurationName = Release;
		};
		A121D777228D214500A8081E /* Build configuration list for PBXNativeTarget "Term Project Jeju" */ = {
			isa = XCConfigurationList;
			buildConfigurations = (
				A121D778228D214500A8081E /* Debug */,
				A121D779228D214500A8081E /* Release */,
			);
			defaultConfigurationIsVisible = 0;
			defaultConfigurationName = Release;
		};
/* End XCConfigurationList section */
	};
	rootObject = A121D75D228D214400A8081E /* Project object */;
}
